// !$*UTF8*$!
{
	archiveVersion = 1;
	classes = {
	};
	objectVersion = 51;
	objects = {

/* Begin PBXBuildFile section */
		333B7F0450C81460502FC813 /* Pods_OpesInvestimentos.framework in Frameworks */ = {isa = PBXBuildFile; fileRef = B7939B4B385326E179FC94AF /* Pods_OpesInvestimentos.framework */; };
		96104F42249EC6DA002CAD38 /* LoginViewController.swift in Sources */ = {isa = PBXBuildFile; fileRef = 96104F41249EC6DA002CAD38 /* LoginViewController.swift */; };
		961CF1F02482F26300BD25F1 /* AppDelegate.swift in Sources */ = {isa = PBXBuildFile; fileRef = 961CF1EF2482F26300BD25F1 /* AppDelegate.swift */; };
		961CF1F42482F26300BD25F1 /* MainViewController.swift in Sources */ = {isa = PBXBuildFile; fileRef = 961CF1F32482F26300BD25F1 /* MainViewController.swift */; };
		961CF1F72482F26300BD25F1 /* Main.storyboard in Resources */ = {isa = PBXBuildFile; fileRef = 961CF1F52482F26300BD25F1 /* Main.storyboard */; };
		961CF1FA2482F26300BD25F1 /* OpesInvestimentos.xcdatamodeld in Sources */ = {isa = PBXBuildFile; fileRef = 961CF1F82482F26300BD25F1 /* OpesInvestimentos.xcdatamodeld */; };
		961CF1FC2482F26600BD25F1 /* Assets.xcassets in Resources */ = {isa = PBXBuildFile; fileRef = 961CF1FB2482F26600BD25F1 /* Assets.xcassets */; };
		961CF1FF2482F26600BD25F1 /* LaunchScreen.storyboard in Resources */ = {isa = PBXBuildFile; fileRef = 961CF1FD2482F26600BD25F1 /* LaunchScreen.storyboard */; };
		961CF20724830E6F00BD25F1 /* CEIServiceAPI.swift in Sources */ = {isa = PBXBuildFile; fileRef = 961CF20624830E6F00BD25F1 /* CEIServiceAPI.swift */; };
		961CF20C2483373000BD25F1 /* CustomUITextField.swift in Sources */ = {isa = PBXBuildFile; fileRef = 961CF20B2483373000BD25F1 /* CustomUITextField.swift */; };
		961CF20E24834A6F00BD25F1 /* CustomUIButton.swift in Sources */ = {isa = PBXBuildFile; fileRef = 961CF20D24834A6F00BD25F1 /* CustomUIButton.swift */; };
		963AA31924A81DA10030CD18 /* SettingsTableViewController.swift in Sources */ = {isa = PBXBuildFile; fileRef = 963AA31824A81DA10030CD18 /* SettingsTableViewController.swift */; };
		963AA31B24A824A70030CD18 /* SettingsTableViewCell.swift in Sources */ = {isa = PBXBuildFile; fileRef = 963AA31A24A824A70030CD18 /* SettingsTableViewCell.swift */; };
		9646188624A17BE10051C2F5 /* RegisterViewController.swift in Sources */ = {isa = PBXBuildFile; fileRef = 9646188524A17BE10051C2F5 /* RegisterViewController.swift */; };
		9665682224AEA4DD00E496FF /* Alert.swift in Sources */ = {isa = PBXBuildFile; fileRef = 9665682124AEA4DD00E496FF /* Alert.swift */; };
		9665682424AEBBD100E496FF /* FirebaseError.swift in Sources */ = {isa = PBXBuildFile; fileRef = 9665682324AEBBD100E496FF /* FirebaseError.swift */; };
		96680303249AD4FB0034F8AF /* StatementTableViewController.swift in Sources */ = {isa = PBXBuildFile; fileRef = 96680302249AD4FB0034F8AF /* StatementTableViewController.swift */; };
		96680305249AD57C0034F8AF /* StatementTableViewCell.swift in Sources */ = {isa = PBXBuildFile; fileRef = 96680304249AD57C0034F8AF /* StatementTableViewCell.swift */; };
		96680307249AE5820034F8AF /* StatementCellViewModel.swift in Sources */ = {isa = PBXBuildFile; fileRef = 96680306249AE5820034F8AF /* StatementCellViewModel.swift */; };
		96680309249AE5B60034F8AF /* StatementViewModel.swift in Sources */ = {isa = PBXBuildFile; fileRef = 96680308249AE5B60034F8AF /* StatementViewModel.swift */; };
		966BFE7424A3F8CD00412D9B /* GoogleService-Info.plist in Resources */ = {isa = PBXBuildFile; fileRef = 966BFE7324A3F8CD00412D9B /* GoogleService-Info.plist */; };
		966BFE7724A4380000412D9B /* WelcomeViewController.swift in Sources */ = {isa = PBXBuildFile; fileRef = 966BFE7624A4380000412D9B /* WelcomeViewController.swift */; };
		966BFE7F24A439DE00412D9B /* LoginViewModel.swift in Sources */ = {isa = PBXBuildFile; fileRef = 966BFE7E24A439DE00412D9B /* LoginViewModel.swift */; };
		966C2429249D80AE0099E1BF /* Statement.storyboard in Resources */ = {isa = PBXBuildFile; fileRef = 966C2428249D80AE0099E1BF /* Statement.storyboard */; };
		966C242B249DAD1A0099E1BF /* Login.storyboard in Resources */ = {isa = PBXBuildFile; fileRef = 966C242A249DAD1A0099E1BF /* Login.storyboard */; };
		966C242D249DAD950099E1BF /* Register.storyboard in Resources */ = {isa = PBXBuildFile; fileRef = 966C242C249DAD950099E1BF /* Register.storyboard */; };
		966F53DD24CF9ED300289C96 /* TypeViewCell.swift in Sources */ = {isa = PBXBuildFile; fileRef = 966F53DB24CF9ED300289C96 /* TypeViewCell.swift */; };
		966F53DE24CF9ED300289C96 /* TypeViewCell.xib in Resources */ = {isa = PBXBuildFile; fileRef = 966F53DC24CF9ED300289C96 /* TypeViewCell.xib */; };
		966F53E024CFA0E300289C96 /* TypeSection.swift in Sources */ = {isa = PBXBuildFile; fileRef = 966F53DF24CFA0E300289C96 /* TypeSection.swift */; };
		966FF78824CDF237001B1F62 /* WalletCollectionViewController.swift in Sources */ = {isa = PBXBuildFile; fileRef = 966FF78724CDF237001B1F62 /* WalletCollectionViewController.swift */; };
		967091AA24AD377100257A23 /* wallet.json in Resources */ = {isa = PBXBuildFile; fileRef = 967091A924AD377100257A23 /* wallet.json */; };
		967091AC24AD395500257A23 /* FirebaseService.swift in Sources */ = {isa = PBXBuildFile; fileRef = 967091AB24AD395500257A23 /* FirebaseService.swift */; };
		967091AE24AD4EC300257A23 /* User.swift in Sources */ = {isa = PBXBuildFile; fileRef = 967091AD24AD4EC300257A23 /* User.swift */; };
		967091B024AD577300257A23 /* RegisterViewModel.swift in Sources */ = {isa = PBXBuildFile; fileRef = 967091AF24AD577300257A23 /* RegisterViewModel.swift */; };
		9672567124884E9400394587 /* dividends.json in Resources */ = {isa = PBXBuildFile; fileRef = 9672566F24884E9300394587 /* dividends.json */; };
		9672567224884E9400394587 /* history.json in Resources */ = {isa = PBXBuildFile; fileRef = 9672567024884E9400394587 /* history.json */; };
		9672775B24B127150077A4B3 /* String+CPF.swift in Sources */ = {isa = PBXBuildFile; fileRef = 9672775A24B127150077A4B3 /* String+CPF.swift */; };
		9672A81624C79B3C00161AEF /* Wallet.swift in Sources */ = {isa = PBXBuildFile; fileRef = 9672A81524C79B3C00161AEF /* Wallet.swift */; };
		9672A81824C7CA3E00161AEF /* WalletViewModel.swift in Sources */ = {isa = PBXBuildFile; fileRef = 9672A81724C7CA3E00161AEF /* WalletViewModel.swift */; };
		9673F01424A57209008A47A3 /* Settings.storyboard in Resources */ = {isa = PBXBuildFile; fileRef = 9673F01324A57209008A47A3 /* Settings.storyboard */; };
		9673F01624A573BF008A47A3 /* Wallet.storyboard in Resources */ = {isa = PBXBuildFile; fileRef = 9673F01524A573BF008A47A3 /* Wallet.storyboard */; };
		967465E124A2DA6D0021ECBA /* Welcome.storyboard in Resources */ = {isa = PBXBuildFile; fileRef = 967465E024A2DA6D0021ECBA /* Welcome.storyboard */; };
		9677ED87248D4F1100CD6557 /* CEI.swift in Sources */ = {isa = PBXBuildFile; fileRef = 9677ED86248D4F1100CD6557 /* CEI.swift */; };
		967FE86B2499993700D7C0C5 /* Statement.swift in Sources */ = {isa = PBXBuildFile; fileRef = 967FE86A2499993700D7C0C5 /* Statement.swift */; };
		968E3D32249065B500F08CBF /* Formatter.swift in Sources */ = {isa = PBXBuildFile; fileRef = 968E3D31249065B500F08CBF /* Formatter.swift */; };
		96AB5F2C24C8EAC600EF9B82 /* Defaults.swift in Sources */ = {isa = PBXBuildFile; fileRef = 96AB5F2B24C8EAC600EF9B82 /* Defaults.swift */; };
		96AB5F2E24C90C8F00EF9B82 /* CustomUIView.swift in Sources */ = {isa = PBXBuildFile; fileRef = 96AB5F2D24C90C8F00EF9B82 /* CustomUIView.swift */; };
		96DBF3F224C3C60D00E159DD /* ImportCEI.storyboard in Resources */ = {isa = PBXBuildFile; fileRef = 96DBF3F124C3C60D00E159DD /* ImportCEI.storyboard */; };
		96DBF3F424C3C6B900E159DD /* ImportCEIViewController.swift in Sources */ = {isa = PBXBuildFile; fileRef = 96DBF3F324C3C6B900E159DD /* ImportCEIViewController.swift */; };
		96DBF3F724C3C80800E159DD /* ImportCEIViewModel.swift in Sources */ = {isa = PBXBuildFile; fileRef = 96DBF3F624C3C80800E159DD /* ImportCEIViewModel.swift */; };
		96F1643D24CCB4710008A655 /* TotalViewCell.swift in Sources */ = {isa = PBXBuildFile; fileRef = 96F1643B24CCB4710008A655 /* TotalViewCell.swift */; };
		96F1643E24CCB4710008A655 /* TotalViewCell.xib in Resources */ = {isa = PBXBuildFile; fileRef = 96F1643C24CCB4710008A655 /* TotalViewCell.xib */; };
		96F1644324CCC6B50008A655 /* Section.swift in Sources */ = {isa = PBXBuildFile; fileRef = 96F1644224CCC6B50008A655 /* Section.swift */; };
		96F1644524CCC6DC0008A655 /* TotalSection.swift in Sources */ = {isa = PBXBuildFile; fileRef = 96F1644424CCC6DC0008A655 /* TotalSection.swift */; };
		96F1644724CCDB440008A655 /* UICollectionView+Empty.swift in Sources */ = {isa = PBXBuildFile; fileRef = 96F1644624CCDB440008A655 /* UICollectionView+Empty.swift */; };
		96F1644A24CCFB5F0008A655 /* NameViewCell.swift in Sources */ = {isa = PBXBuildFile; fileRef = 96F1644824CCFB5F0008A655 /* NameViewCell.swift */; };
		96F1644B24CCFB5F0008A655 /* NameViewCell.xib in Resources */ = {isa = PBXBuildFile; fileRef = 96F1644924CCFB5F0008A655 /* NameViewCell.xib */; };
		96F1644D24CCFFCA0008A655 /* NameSection.swift in Sources */ = {isa = PBXBuildFile; fileRef = 96F1644C24CCFFCA0008A655 /* NameSection.swift */; };
		96F898B924C4E48400686915 /* UITableView+Empty.swift in Sources */ = {isa = PBXBuildFile; fileRef = 96F898B824C4E48400686915 /* UITableView+Empty.swift */; };
/* End PBXBuildFile section */

/* Begin PBXFileReference section */
		96104F41249EC6DA002CAD38 /* LoginViewController.swift */ = {isa = PBXFileReference; lastKnownFileType = sourcecode.swift; path = LoginViewController.swift; sourceTree = "<group>"; };
		961CF1EC2482F26300BD25F1 /* Opes.app */ = {isa = PBXFileReference; explicitFileType = wrapper.application; includeInIndex = 0; path = Opes.app; sourceTree = BUILT_PRODUCTS_DIR; };
		961CF1EF2482F26300BD25F1 /* AppDelegate.swift */ = {isa = PBXFileReference; lastKnownFileType = sourcecode.swift; name = AppDelegate.swift; path = Main/Model/AppDelegate.swift; sourceTree = "<group>"; };
		961CF1F32482F26300BD25F1 /* MainViewController.swift */ = {isa = PBXFileReference; lastKnownFileType = sourcecode.swift; path = MainViewController.swift; sourceTree = "<group>"; };
		961CF1F62482F26300BD25F1 /* Base */ = {isa = PBXFileReference; lastKnownFileType = file.storyboard; name = Base; path = Base.lproj/Main.storyboard; sourceTree = "<group>"; };
		961CF1F92482F26300BD25F1 /* OpesInvestimentos.xcdatamodel */ = {isa = PBXFileReference; lastKnownFileType = wrapper.xcdatamodel; path = OpesInvestimentos.xcdatamodel; sourceTree = "<group>"; };
		961CF1FB2482F26600BD25F1 /* Assets.xcassets */ = {isa = PBXFileReference; lastKnownFileType = folder.assetcatalog; path = Assets.xcassets; sourceTree = "<group>"; };
		961CF1FE2482F26600BD25F1 /* Base */ = {isa = PBXFileReference; lastKnownFileType = file.storyboard; name = Base; path = Base.lproj/LaunchScreen.storyboard; sourceTree = "<group>"; };
		961CF2002482F26600BD25F1 /* Info.plist */ = {isa = PBXFileReference; lastKnownFileType = text.plist.xml; path = Info.plist; sourceTree = "<group>"; };
		961CF20624830E6F00BD25F1 /* CEIServiceAPI.swift */ = {isa = PBXFileReference; lastKnownFileType = sourcecode.swift; path = CEIServiceAPI.swift; sourceTree = "<group>"; };
		961CF20B2483373000BD25F1 /* CustomUITextField.swift */ = {isa = PBXFileReference; lastKnownFileType = sourcecode.swift; path = CustomUITextField.swift; sourceTree = "<group>"; };
		961CF20D24834A6F00BD25F1 /* CustomUIButton.swift */ = {isa = PBXFileReference; lastKnownFileType = sourcecode.swift; path = CustomUIButton.swift; sourceTree = "<group>"; };
		963AA31824A81DA10030CD18 /* SettingsTableViewController.swift */ = {isa = PBXFileReference; lastKnownFileType = sourcecode.swift; path = SettingsTableViewController.swift; sourceTree = "<group>"; };
		963AA31A24A824A70030CD18 /* SettingsTableViewCell.swift */ = {isa = PBXFileReference; lastKnownFileType = sourcecode.swift; path = SettingsTableViewCell.swift; sourceTree = "<group>"; };
		9646188524A17BE10051C2F5 /* RegisterViewController.swift */ = {isa = PBXFileReference; lastKnownFileType = sourcecode.swift; path = RegisterViewController.swift; sourceTree = "<group>"; };
		9665682124AEA4DD00E496FF /* Alert.swift */ = {isa = PBXFileReference; lastKnownFileType = sourcecode.swift; path = Alert.swift; sourceTree = "<group>"; };
		9665682324AEBBD100E496FF /* FirebaseError.swift */ = {isa = PBXFileReference; lastKnownFileType = sourcecode.swift; path = FirebaseError.swift; sourceTree = "<group>"; };
		96680302249AD4FB0034F8AF /* StatementTableViewController.swift */ = {isa = PBXFileReference; lastKnownFileType = sourcecode.swift; path = StatementTableViewController.swift; sourceTree = "<group>"; };
		96680304249AD57C0034F8AF /* StatementTableViewCell.swift */ = {isa = PBXFileReference; lastKnownFileType = sourcecode.swift; path = StatementTableViewCell.swift; sourceTree = "<group>"; };
		96680306249AE5820034F8AF /* StatementCellViewModel.swift */ = {isa = PBXFileReference; lastKnownFileType = sourcecode.swift; path = StatementCellViewModel.swift; sourceTree = "<group>"; };
		96680308249AE5B60034F8AF /* StatementViewModel.swift */ = {isa = PBXFileReference; lastKnownFileType = sourcecode.swift; path = StatementViewModel.swift; sourceTree = "<group>"; };
		966BFE7324A3F8CD00412D9B /* GoogleService-Info.plist */ = {isa = PBXFileReference; fileEncoding = 4; lastKnownFileType = text.plist.xml; path = "GoogleService-Info.plist"; sourceTree = "<group>"; };
		966BFE7624A4380000412D9B /* WelcomeViewController.swift */ = {isa = PBXFileReference; lastKnownFileType = sourcecode.swift; path = WelcomeViewController.swift; sourceTree = "<group>"; };
		966BFE7E24A439DE00412D9B /* LoginViewModel.swift */ = {isa = PBXFileReference; lastKnownFileType = sourcecode.swift; path = LoginViewModel.swift; sourceTree = "<group>"; };
		966C2428249D80AE0099E1BF /* Statement.storyboard */ = {isa = PBXFileReference; fileEncoding = 4; lastKnownFileType = file.storyboard; path = Statement.storyboard; sourceTree = "<group>"; };
		966C242A249DAD1A0099E1BF /* Login.storyboard */ = {isa = PBXFileReference; fileEncoding = 4; lastKnownFileType = file.storyboard; path = Login.storyboard; sourceTree = "<group>"; };
		966C242C249DAD950099E1BF /* Register.storyboard */ = {isa = PBXFileReference; fileEncoding = 4; lastKnownFileType = file.storyboard; path = Register.storyboard; sourceTree = "<group>"; };
		966F53DB24CF9ED300289C96 /* TypeViewCell.swift */ = {isa = PBXFileReference; lastKnownFileType = sourcecode.swift; path = TypeViewCell.swift; sourceTree = "<group>"; };
		966F53DC24CF9ED300289C96 /* TypeViewCell.xib */ = {isa = PBXFileReference; lastKnownFileType = file.xib; path = TypeViewCell.xib; sourceTree = "<group>"; };
		966F53DF24CFA0E300289C96 /* TypeSection.swift */ = {isa = PBXFileReference; lastKnownFileType = sourcecode.swift; path = TypeSection.swift; sourceTree = "<group>"; };
		966FF78724CDF237001B1F62 /* WalletCollectionViewController.swift */ = {isa = PBXFileReference; lastKnownFileType = sourcecode.swift; path = WalletCollectionViewController.swift; sourceTree = "<group>"; };
		967091A924AD377100257A23 /* wallet.json */ = {isa = PBXFileReference; fileEncoding = 4; lastKnownFileType = text.json; path = wallet.json; sourceTree = "<group>"; };
		967091AB24AD395500257A23 /* FirebaseService.swift */ = {isa = PBXFileReference; lastKnownFileType = sourcecode.swift; path = FirebaseService.swift; sourceTree = "<group>"; };
		967091AD24AD4EC300257A23 /* User.swift */ = {isa = PBXFileReference; lastKnownFileType = sourcecode.swift; path = User.swift; sourceTree = "<group>"; };
		967091AF24AD577300257A23 /* RegisterViewModel.swift */ = {isa = PBXFileReference; lastKnownFileType = sourcecode.swift; path = RegisterViewModel.swift; sourceTree = "<group>"; };
		9672566F24884E9300394587 /* dividends.json */ = {isa = PBXFileReference; fileEncoding = 4; lastKnownFileType = text.json; path = dividends.json; sourceTree = "<group>"; };
		9672567024884E9400394587 /* history.json */ = {isa = PBXFileReference; fileEncoding = 4; lastKnownFileType = text.json; path = history.json; sourceTree = "<group>"; };
		9672775A24B127150077A4B3 /* String+CPF.swift */ = {isa = PBXFileReference; lastKnownFileType = sourcecode.swift; path = "String+CPF.swift"; sourceTree = "<group>"; };
		9672A81524C79B3C00161AEF /* Wallet.swift */ = {isa = PBXFileReference; lastKnownFileType = sourcecode.swift; path = Wallet.swift; sourceTree = "<group>"; };
		9672A81724C7CA3E00161AEF /* WalletViewModel.swift */ = {isa = PBXFileReference; lastKnownFileType = sourcecode.swift; path = WalletViewModel.swift; sourceTree = "<group>"; };
		9673F01324A57209008A47A3 /* Settings.storyboard */ = {isa = PBXFileReference; fileEncoding = 4; lastKnownFileType = file.storyboard; path = Settings.storyboard; sourceTree = "<group>"; };
		9673F01524A573BF008A47A3 /* Wallet.storyboard */ = {isa = PBXFileReference; fileEncoding = 4; lastKnownFileType = file.storyboard; path = Wallet.storyboard; sourceTree = "<group>"; };
		967465E024A2DA6D0021ECBA /* Welcome.storyboard */ = {isa = PBXFileReference; fileEncoding = 4; lastKnownFileType = file.storyboard; path = Welcome.storyboard; sourceTree = "<group>"; };
		9677ED86248D4F1100CD6557 /* CEI.swift */ = {isa = PBXFileReference; lastKnownFileType = sourcecode.swift; path = CEI.swift; sourceTree = "<group>"; };
		967FE86A2499993700D7C0C5 /* Statement.swift */ = {isa = PBXFileReference; lastKnownFileType = sourcecode.swift; path = Statement.swift; sourceTree = "<group>"; };
		968E3D31249065B500F08CBF /* Formatter.swift */ = {isa = PBXFileReference; lastKnownFileType = sourcecode.swift; path = Formatter.swift; sourceTree = "<group>"; };
		96AB5F2B24C8EAC600EF9B82 /* Defaults.swift */ = {isa = PBXFileReference; lastKnownFileType = sourcecode.swift; path = Defaults.swift; sourceTree = "<group>"; };
		96AB5F2D24C90C8F00EF9B82 /* CustomUIView.swift */ = {isa = PBXFileReference; lastKnownFileType = sourcecode.swift; path = CustomUIView.swift; sourceTree = "<group>"; };
		96DBF3F124C3C60D00E159DD /* ImportCEI.storyboard */ = {isa = PBXFileReference; fileEncoding = 4; lastKnownFileType = file.storyboard; path = ImportCEI.storyboard; sourceTree = "<group>"; };
		96DBF3F324C3C6B900E159DD /* ImportCEIViewController.swift */ = {isa = PBXFileReference; lastKnownFileType = sourcecode.swift; path = ImportCEIViewController.swift; sourceTree = "<group>"; };
		96DBF3F624C3C80800E159DD /* ImportCEIViewModel.swift */ = {isa = PBXFileReference; lastKnownFileType = sourcecode.swift; path = ImportCEIViewModel.swift; sourceTree = "<group>"; };
		96F1643B24CCB4710008A655 /* TotalViewCell.swift */ = {isa = PBXFileReference; lastKnownFileType = sourcecode.swift; path = TotalViewCell.swift; sourceTree = "<group>"; };
		96F1643C24CCB4710008A655 /* TotalViewCell.xib */ = {isa = PBXFileReference; lastKnownFileType = file.xib; path = TotalViewCell.xib; sourceTree = "<group>"; };
		96F1644224CCC6B50008A655 /* Section.swift */ = {isa = PBXFileReference; lastKnownFileType = sourcecode.swift; path = Section.swift; sourceTree = "<group>"; };
		96F1644424CCC6DC0008A655 /* TotalSection.swift */ = {isa = PBXFileReference; lastKnownFileType = sourcecode.swift; path = TotalSection.swift; sourceTree = "<group>"; };
		96F1644624CCDB440008A655 /* UICollectionView+Empty.swift */ = {isa = PBXFileReference; lastKnownFileType = sourcecode.swift; path = "UICollectionView+Empty.swift"; sourceTree = "<group>"; };
		96F1644824CCFB5F0008A655 /* NameViewCell.swift */ = {isa = PBXFileReference; lastKnownFileType = sourcecode.swift; path = NameViewCell.swift; sourceTree = "<group>"; };
		96F1644924CCFB5F0008A655 /* NameViewCell.xib */ = {isa = PBXFileReference; lastKnownFileType = file.xib; path = NameViewCell.xib; sourceTree = "<group>"; };
		96F1644C24CCFFCA0008A655 /* NameSection.swift */ = {isa = PBXFileReference; lastKnownFileType = sourcecode.swift; path = NameSection.swift; sourceTree = "<group>"; };
		96F898B824C4E48400686915 /* UITableView+Empty.swift */ = {isa = PBXFileReference; lastKnownFileType = sourcecode.swift; path = "UITableView+Empty.swift"; sourceTree = "<group>"; };
		B1B2BFEEAB4E689DF82A6E38 /* Pods-OpesInvestimentos.release.xcconfig */ = {isa = PBXFileReference; includeInIndex = 1; lastKnownFileType = text.xcconfig; name = "Pods-OpesInvestimentos.release.xcconfig"; path = "Target Support Files/Pods-OpesInvestimentos/Pods-OpesInvestimentos.release.xcconfig"; sourceTree = "<group>"; };
		B7939B4B385326E179FC94AF /* Pods_OpesInvestimentos.framework */ = {isa = PBXFileReference; explicitFileType = wrapper.framework; includeInIndex = 0; path = Pods_OpesInvestimentos.framework; sourceTree = BUILT_PRODUCTS_DIR; };
		ED817EC7808A0625F1B66024 /* Pods-OpesInvestimentos.debug.xcconfig */ = {isa = PBXFileReference; includeInIndex = 1; lastKnownFileType = text.xcconfig; name = "Pods-OpesInvestimentos.debug.xcconfig"; path = "Target Support Files/Pods-OpesInvestimentos/Pods-OpesInvestimentos.debug.xcconfig"; sourceTree = "<group>"; };
/* End PBXFileReference section */

/* Begin PBXFrameworksBuildPhase section */
		961CF1E92482F26300BD25F1 /* Frameworks */ = {
			isa = PBXFrameworksBuildPhase;
			buildActionMask = 2147483647;
			files = (
				333B7F0450C81460502FC813 /* Pods_OpesInvestimentos.framework in Frameworks */,
			);
			runOnlyForDeploymentPostprocessing = 0;
		};
/* End PBXFrameworksBuildPhase section */

/* Begin PBXGroup section */
		00F929CF5370A969C2CA63C7 /* Pods */ = {
			isa = PBXGroup;
			children = (
				ED817EC7808A0625F1B66024 /* Pods-OpesInvestimentos.debug.xcconfig */,
				B1B2BFEEAB4E689DF82A6E38 /* Pods-OpesInvestimentos.release.xcconfig */,
			);
			path = Pods;
			sourceTree = "<group>";
		};
		961CF1E32482F26300BD25F1 = {
			isa = PBXGroup;
			children = (
				961CF1EE2482F26300BD25F1 /* OpesInvestimentos */,
				961CF1ED2482F26300BD25F1 /* Products */,
				00F929CF5370A969C2CA63C7 /* Pods */,
				AAF43B7D0626A47E7E9E76A8 /* Frameworks */,
			);
			sourceTree = "<group>";
		};
		961CF1ED2482F26300BD25F1 /* Products */ = {
			isa = PBXGroup;
			children = (
				961CF1EC2482F26300BD25F1 /* Opes.app */,
			);
			name = Products;
			sourceTree = "<group>";
		};
		961CF1EE2482F26300BD25F1 /* OpesInvestimentos */ = {
			isa = PBXGroup;
			children = (
				96DBF3ED24C3C5B100E159DD /* ImportCEI */,
				9672F390248C5FB000C7BB4B /* Login and Register */,
				9672F38C248C5B6200C7BB4B /* Main */,
				966BFE7924A4399900412D9B /* Settings */,
				966BFE7824A4399300412D9B /* Wallet */,
				967465DE24A2DA260021ECBA /* Welcome */,
				966059EA24984C330037E73A /* Statement */,
				9678ED8224841DC200755570 /* Service */,
				961CF20A248336E200BD25F1 /* Components */,
				9672775924B126F20077A4B3 /* Extensions */,
				9672775C24B13CA10077A4B3 /* Shared */,
				961CF1FD2482F26600BD25F1 /* LaunchScreen.storyboard */,
				961CF1FB2482F26600BD25F1 /* Assets.xcassets */,
				961CF1F82482F26300BD25F1 /* OpesInvestimentos.xcdatamodeld */,
				961CF1EF2482F26300BD25F1 /* AppDelegate.swift */,
				961CF2002482F26600BD25F1 /* Info.plist */,
				966BFE7324A3F8CD00412D9B /* GoogleService-Info.plist */,
			);
			path = OpesInvestimentos;
			sourceTree = "<group>";
		};
		961CF20A248336E200BD25F1 /* Components */ = {
			isa = PBXGroup;
			children = (
				961CF20B2483373000BD25F1 /* CustomUITextField.swift */,
				961CF20D24834A6F00BD25F1 /* CustomUIButton.swift */,
				96AB5F2D24C90C8F00EF9B82 /* CustomUIView.swift */,
				968E3D31249065B500F08CBF /* Formatter.swift */,
				9665682124AEA4DD00E496FF /* Alert.swift */,
			);
			path = Components;
			sourceTree = "<group>";
		};
		966059EA24984C330037E73A /* Statement */ = {
			isa = PBXGroup;
			children = (
				966059EF24984C720037E73A /* Model */,
				966059F224984C720037E73A /* View */,
				966059F024984C720037E73A /* ViewModel */,
				966059F124984C720037E73A /* Controller */,
			);
			path = Statement;
			sourceTree = "<group>";
		};
		966059EF24984C720037E73A /* Model */ = {
			isa = PBXGroup;
			children = (
				967FE86A2499993700D7C0C5 /* Statement.swift */,
			);
			path = Model;
			sourceTree = "<group>";
		};
		966059F024984C720037E73A /* ViewModel */ = {
			isa = PBXGroup;
			children = (
				96680306249AE5820034F8AF /* StatementCellViewModel.swift */,
				96680308249AE5B60034F8AF /* StatementViewModel.swift */,
			);
			path = ViewModel;
			sourceTree = "<group>";
		};
		966059F124984C720037E73A /* Controller */ = {
			isa = PBXGroup;
			children = (
				96680302249AD4FB0034F8AF /* StatementTableViewController.swift */,
			);
			path = Controller;
			sourceTree = "<group>";
		};
		966059F224984C720037E73A /* View */ = {
			isa = PBXGroup;
			children = (
				966C2428249D80AE0099E1BF /* Statement.storyboard */,
				96680304249AD57C0034F8AF /* StatementTableViewCell.swift */,
			);
			path = View;
			sourceTree = "<group>";
		};
		966BFE7524A437EE00412D9B /* Controller */ = {
			isa = PBXGroup;
			children = (
				966BFE7624A4380000412D9B /* WelcomeViewController.swift */,
			);
			path = Controller;
			sourceTree = "<group>";
		};
		966BFE7824A4399300412D9B /* Wallet */ = {
			isa = PBXGroup;
			children = (
				9672A81424C79B2600161AEF /* Model */,
				966BFE7B24A439A800412D9B /* View */,
				9673F00624A56075008A47A3 /* ViewModel */,
				966BFE7C24A439B900412D9B /* Controller */,
			);
			path = Wallet;
			sourceTree = "<group>";
		};
		966BFE7924A4399900412D9B /* Settings */ = {
			isa = PBXGroup;
			children = (
				966BFE7D24A439BE00412D9B /* Controller */,
				966BFE7A24A439A200412D9B /* View */,
			);
			path = Settings;
			sourceTree = "<group>";
		};
		966BFE7A24A439A200412D9B /* View */ = {
			isa = PBXGroup;
			children = (
				9673F01324A57209008A47A3 /* Settings.storyboard */,
				963AA31A24A824A70030CD18 /* SettingsTableViewCell.swift */,
			);
			path = View;
			sourceTree = "<group>";
		};
		966BFE7B24A439A800412D9B /* View */ = {
			isa = PBXGroup;
			children = (
				96F1643F24CCB5100008A655 /* Cells */,
				9673F01524A573BF008A47A3 /* Wallet.storyboard */,
			);
			path = View;
			sourceTree = "<group>";
		};
		966BFE7C24A439B900412D9B /* Controller */ = {
			isa = PBXGroup;
			children = (
				966FF78724CDF237001B1F62 /* WalletCollectionViewController.swift */,
			);
			path = Controller;
			sourceTree = "<group>";
		};
		966BFE7D24A439BE00412D9B /* Controller */ = {
			isa = PBXGroup;
			children = (
				963AA31824A81DA10030CD18 /* SettingsTableViewController.swift */,
			);
			path = Controller;
			sourceTree = "<group>";
		};
		9672775924B126F20077A4B3 /* Extensions */ = {
			isa = PBXGroup;
			children = (
				9672775A24B127150077A4B3 /* String+CPF.swift */,
				96F898B824C4E48400686915 /* UITableView+Empty.swift */,
				96F1644624CCDB440008A655 /* UICollectionView+Empty.swift */,
			);
			path = Extensions;
			sourceTree = "<group>";
		};
		9672775C24B13CA10077A4B3 /* Shared */ = {
			isa = PBXGroup;
			children = (
				967091AD24AD4EC300257A23 /* User.swift */,
				9677ED86248D4F1100CD6557 /* CEI.swift */,
				9665682324AEBBD100E496FF /* FirebaseError.swift */,
				96AB5F2B24C8EAC600EF9B82 /* Defaults.swift */,
			);
			path = Shared;
			sourceTree = "<group>";
		};
		9672A81424C79B2600161AEF /* Model */ = {
			isa = PBXGroup;
			children = (
				9672A81524C79B3C00161AEF /* Wallet.swift */,
				96F1644224CCC6B50008A655 /* Section.swift */,
				96F1644424CCC6DC0008A655 /* TotalSection.swift */,
				96F1644C24CCFFCA0008A655 /* NameSection.swift */,
				966F53DF24CFA0E300289C96 /* TypeSection.swift */,
			);
			path = Model;
			sourceTree = "<group>";
		};
		9672F38C248C5B6200C7BB4B /* Main */ = {
			isa = PBXGroup;
			children = (
				9672F38F248C5C2600C7BB4B /* Controller */,
				9672F38E248C5B7000C7BB4B /* View */,
				9672F38D248C5B6C00C7BB4B /* Model */,
			);
			path = Main;
			sourceTree = "<group>";
		};
		9672F38D248C5B6C00C7BB4B /* Model */ = {
			isa = PBXGroup;
			children = (
			);
			path = Model;
			sourceTree = "<group>";
		};
		9672F38E248C5B7000C7BB4B /* View */ = {
			isa = PBXGroup;
			children = (
				961CF1F52482F26300BD25F1 /* Main.storyboard */,
			);
			path = View;
			sourceTree = "<group>";
		};
		9672F38F248C5C2600C7BB4B /* Controller */ = {
			isa = PBXGroup;
			children = (
				961CF1F32482F26300BD25F1 /* MainViewController.swift */,
			);
			path = Controller;
			sourceTree = "<group>";
		};
		9672F390248C5FB000C7BB4B /* Login and Register */ = {
			isa = PBXGroup;
			children = (
				9672F391248C5FBE00C7BB4B /* Login */,
				9672F392248C5FC300C7BB4B /* Register */,
			);
			path = "Login and Register";
			sourceTree = "<group>";
		};
		9672F391248C5FBE00C7BB4B /* Login */ = {
			isa = PBXGroup;
			children = (
				9672F395248C5FE100C7BB4B /* Controller */,
				9672F394248C5FDC00C7BB4B /* ViewModel */,
				9672F393248C5FD700C7BB4B /* View */,
			);
			path = Login;
			sourceTree = "<group>";
		};
		9672F392248C5FC300C7BB4B /* Register */ = {
			isa = PBXGroup;
			children = (
				9672F397248C5FF100C7BB4B /* View */,
				9672F398248C5FF500C7BB4B /* ViewModel */,
				9672F396248C5FEC00C7BB4B /* Controller */,
			);
			path = Register;
			sourceTree = "<group>";
		};
		9672F393248C5FD700C7BB4B /* View */ = {
			isa = PBXGroup;
			children = (
				966C242A249DAD1A0099E1BF /* Login.storyboard */,
			);
			path = View;
			sourceTree = "<group>";
		};
		9672F394248C5FDC00C7BB4B /* ViewModel */ = {
			isa = PBXGroup;
			children = (
				966BFE7E24A439DE00412D9B /* LoginViewModel.swift */,
			);
			path = ViewModel;
			sourceTree = "<group>";
		};
		9672F395248C5FE100C7BB4B /* Controller */ = {
			isa = PBXGroup;
			children = (
				96104F41249EC6DA002CAD38 /* LoginViewController.swift */,
			);
			path = Controller;
			sourceTree = "<group>";
		};
		9672F396248C5FEC00C7BB4B /* Controller */ = {
			isa = PBXGroup;
			children = (
				9646188524A17BE10051C2F5 /* RegisterViewController.swift */,
			);
			path = Controller;
			sourceTree = "<group>";
		};
		9672F397248C5FF100C7BB4B /* View */ = {
			isa = PBXGroup;
			children = (
				966C242C249DAD950099E1BF /* Register.storyboard */,
			);
			path = View;
			sourceTree = "<group>";
		};
		9672F398248C5FF500C7BB4B /* ViewModel */ = {
			isa = PBXGroup;
			children = (
				967091AF24AD577300257A23 /* RegisterViewModel.swift */,
			);
			path = ViewModel;
			sourceTree = "<group>";
		};
		9673F00624A56075008A47A3 /* ViewModel */ = {
			isa = PBXGroup;
			children = (
				9672A81724C7CA3E00161AEF /* WalletViewModel.swift */,
			);
			path = ViewModel;
			sourceTree = "<group>";
		};
		967465DE24A2DA260021ECBA /* Welcome */ = {
			isa = PBXGroup;
			children = (
				966BFE7524A437EE00412D9B /* Controller */,
				967465DF24A2DA2E0021ECBA /* View */,
			);
			path = Welcome;
			sourceTree = "<group>";
		};
		967465DF24A2DA2E0021ECBA /* View */ = {
			isa = PBXGroup;
			children = (
				967465E024A2DA6D0021ECBA /* Welcome.storyboard */,
			);
			path = View;
			sourceTree = "<group>";
		};
		9678ED8224841DC200755570 /* Service */ = {
			isa = PBXGroup;
			children = (
				961CF20624830E6F00BD25F1 /* CEIServiceAPI.swift */,
				967091AB24AD395500257A23 /* FirebaseService.swift */,
				9672567024884E9400394587 /* history.json */,
				9672566F24884E9300394587 /* dividends.json */,
				967091A924AD377100257A23 /* wallet.json */,
			);
			path = Service;
			sourceTree = "<group>";
		};
		96DBF3ED24C3C5B100E159DD /* ImportCEI */ = {
			isa = PBXGroup;
			children = (
				96DBF3F024C3C5E300E159DD /* ViewModel */,
				96DBF3EF24C3C5DF00E159DD /* View */,
				96DBF3EE24C3C5DA00E159DD /* Controller */,
			);
			path = ImportCEI;
			sourceTree = "<group>";
		};
		96DBF3EE24C3C5DA00E159DD /* Controller */ = {
			isa = PBXGroup;
			children = (
				96DBF3F324C3C6B900E159DD /* ImportCEIViewController.swift */,
			);
			path = Controller;
			sourceTree = "<group>";
		};
		96DBF3EF24C3C5DF00E159DD /* View */ = {
			isa = PBXGroup;
			children = (
				96DBF3F124C3C60D00E159DD /* ImportCEI.storyboard */,
			);
			path = View;
			sourceTree = "<group>";
		};
		96DBF3F024C3C5E300E159DD /* ViewModel */ = {
			isa = PBXGroup;
			children = (
				96DBF3F624C3C80800E159DD /* ImportCEIViewModel.swift */,
			);
			path = ViewModel;
			sourceTree = "<group>";
		};
		96F1643F24CCB5100008A655 /* Cells */ = {
			isa = PBXGroup;
			children = (
				96F1643B24CCB4710008A655 /* TotalViewCell.swift */,
				96F1643C24CCB4710008A655 /* TotalViewCell.xib */,
				96F1644824CCFB5F0008A655 /* NameViewCell.swift */,
				96F1644924CCFB5F0008A655 /* NameViewCell.xib */,
				966F53DB24CF9ED300289C96 /* TypeViewCell.swift */,
				966F53DC24CF9ED300289C96 /* TypeViewCell.xib */,
			);
			path = Cells;
			sourceTree = "<group>";
		};
		AAF43B7D0626A47E7E9E76A8 /* Frameworks */ = {
			isa = PBXGroup;
			children = (
				B7939B4B385326E179FC94AF /* Pods_OpesInvestimentos.framework */,
			);
			name = Frameworks;
			sourceTree = "<group>";
		};
/* End PBXGroup section */

/* Begin PBXNativeTarget section */
		961CF1EB2482F26300BD25F1 /* OpesInvestimentos */ = {
			isa = PBXNativeTarget;
			buildConfigurationList = 961CF2032482F26600BD25F1 /* Build configuration list for PBXNativeTarget "OpesInvestimentos" */;
			buildPhases = (
				351123D5D779D55621BDD6C2 /* [CP] Check Pods Manifest.lock */,
				961CF1E82482F26300BD25F1 /* Sources */,
				961CF1E92482F26300BD25F1 /* Frameworks */,
				961CF1EA2482F26300BD25F1 /* Resources */,
				45B7CA5600E7B952DDA8581B /* [CP] Embed Pods Frameworks */,
			);
			buildRules = (
			);
			dependencies = (
			);
			name = OpesInvestimentos;
			productName = OpesInvestimentos;
			productReference = 961CF1EC2482F26300BD25F1 /* Opes.app */;
			productType = "com.apple.product-type.application";
		};
/* End PBXNativeTarget section */

/* Begin PBXProject section */
		961CF1E42482F26300BD25F1 /* Project object */ = {
			isa = PBXProject;
			attributes = {
				LastSwiftUpdateCheck = 1150;
				LastUpgradeCheck = 1150;
				ORGANIZATIONNAME = "Matheus Cunha";
				TargetAttributes = {
					961CF1EB2482F26300BD25F1 = {
						CreatedOnToolsVersion = 11.5;
					};
				};
			};
			buildConfigurationList = 961CF1E72482F26300BD25F1 /* Build configuration list for PBXProject "OpesInvestimentos" */;
			compatibilityVersion = "Xcode 9.3";
			developmentRegion = en;
			hasScannedForEncodings = 0;
			knownRegions = (
				en,
				Base,
			);
			mainGroup = 961CF1E32482F26300BD25F1;
			productRefGroup = 961CF1ED2482F26300BD25F1 /* Products */;
			projectDirPath = "";
			projectRoot = "";
			targets = (
				961CF1EB2482F26300BD25F1 /* OpesInvestimentos */,
			);
		};
/* End PBXProject section */

/* Begin PBXResourcesBuildPhase section */
		961CF1EA2482F26300BD25F1 /* Resources */ = {
			isa = PBXResourcesBuildPhase;
			buildActionMask = 2147483647;
			files = (
				966C242B249DAD1A0099E1BF /* Login.storyboard in Resources */,
				966C2429249D80AE0099E1BF /* Statement.storyboard in Resources */,
				9673F01424A57209008A47A3 /* Settings.storyboard in Resources */,
				967091AA24AD377100257A23 /* wallet.json in Resources */,
				9672567124884E9400394587 /* dividends.json in Resources */,
				961CF1FF2482F26600BD25F1 /* LaunchScreen.storyboard in Resources */,
				9673F01624A573BF008A47A3 /* Wallet.storyboard in Resources */,
				966F53DE24CF9ED300289C96 /* TypeViewCell.xib in Resources */,
				96F1643E24CCB4710008A655 /* TotalViewCell.xib in Resources */,
				96DBF3F224C3C60D00E159DD /* ImportCEI.storyboard in Resources */,
				9672567224884E9400394587 /* history.json in Resources */,
				967465E124A2DA6D0021ECBA /* Welcome.storyboard in Resources */,
				961CF1FC2482F26600BD25F1 /* Assets.xcassets in Resources */,
				966BFE7424A3F8CD00412D9B /* GoogleService-Info.plist in Resources */,
				96F1644B24CCFB5F0008A655 /* NameViewCell.xib in Resources */,
				961CF1F72482F26300BD25F1 /* Main.storyboard in Resources */,
				966C242D249DAD950099E1BF /* Register.storyboard in Resources */,
			);
			runOnlyForDeploymentPostprocessing = 0;
		};
/* End PBXResourcesBuildPhase section */

/* Begin PBXShellScriptBuildPhase section */
		351123D5D779D55621BDD6C2 /* [CP] Check Pods Manifest.lock */ = {
			isa = PBXShellScriptBuildPhase;
			buildActionMask = 2147483647;
			files = (
			);
			inputFileListPaths = (
			);
			inputPaths = (
				"${PODS_PODFILE_DIR_PATH}/Podfile.lock",
				"${PODS_ROOT}/Manifest.lock",
			);
			name = "[CP] Check Pods Manifest.lock";
			outputFileListPaths = (
			);
			outputPaths = (
				"$(DERIVED_FILE_DIR)/Pods-OpesInvestimentos-checkManifestLockResult.txt",
			);
			runOnlyForDeploymentPostprocessing = 0;
			shellPath = /bin/sh;
			shellScript = "diff \"${PODS_PODFILE_DIR_PATH}/Podfile.lock\" \"${PODS_ROOT}/Manifest.lock\" > /dev/null\nif [ $? != 0 ] ; then\n    # print error to STDERR\n    echo \"error: The sandbox is not in sync with the Podfile.lock. Run 'pod install' or update your CocoaPods installation.\" >&2\n    exit 1\nfi\n# This output is used by Xcode 'outputs' to avoid re-running this script phase.\necho \"SUCCESS\" > \"${SCRIPT_OUTPUT_FILE_0}\"\n";
			showEnvVarsInLog = 0;
		};
		45B7CA5600E7B952DDA8581B /* [CP] Embed Pods Frameworks */ = {
			isa = PBXShellScriptBuildPhase;
			buildActionMask = 2147483647;
			files = (
			);
			inputFileListPaths = (
				"${PODS_ROOT}/Target Support Files/Pods-OpesInvestimentos/Pods-OpesInvestimentos-frameworks-${CONFIGURATION}-input-files.xcfilelist",
			);
			name = "[CP] Embed Pods Frameworks";
			outputFileListPaths = (
				"${PODS_ROOT}/Target Support Files/Pods-OpesInvestimentos/Pods-OpesInvestimentos-frameworks-${CONFIGURATION}-output-files.xcfilelist",
			);
			runOnlyForDeploymentPostprocessing = 0;
			shellPath = /bin/sh;
			shellScript = "\"${PODS_ROOT}/Target Support Files/Pods-OpesInvestimentos/Pods-OpesInvestimentos-frameworks.sh\"\n";
			showEnvVarsInLog = 0;
		};
/* End PBXShellScriptBuildPhase section */

/* Begin PBXSourcesBuildPhase section */
		961CF1E82482F26300BD25F1 /* Sources */ = {
			isa = PBXSourcesBuildPhase;
			buildActionMask = 2147483647;
			files = (
				9672A81624C79B3C00161AEF /* Wallet.swift in Sources */,
				967091AC24AD395500257A23 /* FirebaseService.swift in Sources */,
				96F1644524CCC6DC0008A655 /* TotalSection.swift in Sources */,
				968E3D32249065B500F08CBF /* Formatter.swift in Sources */,
				96680309249AE5B60034F8AF /* StatementViewModel.swift in Sources */,
				961CF1F42482F26300BD25F1 /* MainViewController.swift in Sources */,
				96104F42249EC6DA002CAD38 /* LoginViewController.swift in Sources */,
				96AB5F2E24C90C8F00EF9B82 /* CustomUIView.swift in Sources */,
				961CF1FA2482F26300BD25F1 /* OpesInvestimentos.xcdatamodeld in Sources */,
				96DBF3F424C3C6B900E159DD /* ImportCEIViewController.swift in Sources */,
				96F1644324CCC6B50008A655 /* Section.swift in Sources */,
				96F1644D24CCFFCA0008A655 /* NameSection.swift in Sources */,
				9672775B24B127150077A4B3 /* String+CPF.swift in Sources */,
				9665682224AEA4DD00E496FF /* Alert.swift in Sources */,
				966BFE7724A4380000412D9B /* WelcomeViewController.swift in Sources */,
				96F1643D24CCB4710008A655 /* TotalViewCell.swift in Sources */,
				9665682424AEBBD100E496FF /* FirebaseError.swift in Sources */,
				96680307249AE5820034F8AF /* StatementCellViewModel.swift in Sources */,
				966F53DD24CF9ED300289C96 /* TypeViewCell.swift in Sources */,
				967FE86B2499993700D7C0C5 /* Statement.swift in Sources */,
				967091AE24AD4EC300257A23 /* User.swift in Sources */,
				966BFE7F24A439DE00412D9B /* LoginViewModel.swift in Sources */,
				96F1644724CCDB440008A655 /* UICollectionView+Empty.swift in Sources */,
				9677ED87248D4F1100CD6557 /* CEI.swift in Sources */,
				963AA31B24A824A70030CD18 /* SettingsTableViewCell.swift in Sources */,
				966F53E024CFA0E300289C96 /* TypeSection.swift in Sources */,
				96680303249AD4FB0034F8AF /* StatementTableViewController.swift in Sources */,
				96AB5F2C24C8EAC600EF9B82 /* Defaults.swift in Sources */,
				961CF20C2483373000BD25F1 /* CustomUITextField.swift in Sources */,
				96F898B924C4E48400686915 /* UITableView+Empty.swift in Sources */,
				9646188624A17BE10051C2F5 /* RegisterViewController.swift in Sources */,
				961CF20E24834A6F00BD25F1 /* CustomUIButton.swift in Sources */,
				9672A81824C7CA3E00161AEF /* WalletViewModel.swift in Sources */,
				961CF20724830E6F00BD25F1 /* CEIServiceAPI.swift in Sources */,
				96DBF3F724C3C80800E159DD /* ImportCEIViewModel.swift in Sources */,
				961CF1F02482F26300BD25F1 /* AppDelegate.swift in Sources */,
				966FF78824CDF237001B1F62 /* WalletCollectionViewController.swift in Sources */,
				96680305249AD57C0034F8AF /* StatementTableViewCell.swift in Sources */,
				96F1644A24CCFB5F0008A655 /* NameViewCell.swift in Sources */,
				963AA31924A81DA10030CD18 /* SettingsTableViewController.swift in Sources */,
				967091B024AD577300257A23 /* RegisterViewModel.swift in Sources */,
			);
			runOnlyForDeploymentPostprocessing = 0;
		};
/* End PBXSourcesBuildPhase section */

/* Begin PBXVariantGroup section */
		961CF1F52482F26300BD25F1 /* Main.storyboard */ = {
			isa = PBXVariantGroup;
			children = (
				961CF1F62482F26300BD25F1 /* Base */,
			);
			name = Main.storyboard;
			sourceTree = "<group>";
		};
		961CF1FD2482F26600BD25F1 /* LaunchScreen.storyboard */ = {
			isa = PBXVariantGroup;
			children = (
				961CF1FE2482F26600BD25F1 /* Base */,
			);
			name = LaunchScreen.storyboard;
			sourceTree = "<group>";
		};
/* End PBXVariantGroup section */

/* Begin XCBuildConfiguration section */
		961CF2012482F26600BD25F1 /* Debug */ = {
			isa = XCBuildConfiguration;
			buildSettings = {
				ALWAYS_SEARCH_USER_PATHS = NO;
				CLANG_ANALYZER_NONNULL = YES;
				CLANG_ANALYZER_NUMBER_OBJECT_CONVERSION = YES_AGGRESSIVE;
				CLANG_CXX_LANGUAGE_STANDARD = "gnu++14";
				CLANG_CXX_LIBRARY = "libc++";
				CLANG_ENABLE_MODULES = YES;
				CLANG_ENABLE_OBJC_ARC = YES;
				CLANG_ENABLE_OBJC_WEAK = YES;
				CLANG_WARN_BLOCK_CAPTURE_AUTORELEASING = YES;
				CLANG_WARN_BOOL_CONVERSION = YES;
				CLANG_WARN_COMMA = YES;
				CLANG_WARN_CONSTANT_CONVERSION = YES;
				CLANG_WARN_DEPRECATED_OBJC_IMPLEMENTATIONS = YES;
				CLANG_WARN_DIRECT_OBJC_ISA_USAGE = YES_ERROR;
				CLANG_WARN_DOCUMENTATION_COMMENTS = YES;
				CLANG_WARN_EMPTY_BODY = YES;
				CLANG_WARN_ENUM_CONVERSION = YES;
				CLANG_WARN_INFINITE_RECURSION = YES;
				CLANG_WARN_INT_CONVERSION = YES;
				CLANG_WARN_NON_LITERAL_NULL_CONVERSION = YES;
				CLANG_WARN_OBJC_IMPLICIT_RETAIN_SELF = YES;
				CLANG_WARN_OBJC_LITERAL_CONVERSION = YES;
				CLANG_WARN_OBJC_ROOT_CLASS = YES_ERROR;
				CLANG_WARN_RANGE_LOOP_ANALYSIS = YES;
				CLANG_WARN_STRICT_PROTOTYPES = YES;
				CLANG_WARN_SUSPICIOUS_MOVE = YES;
				CLANG_WARN_UNGUARDED_AVAILABILITY = YES_AGGRESSIVE;
				CLANG_WARN_UNREACHABLE_CODE = YES;
				CLANG_WARN__DUPLICATE_METHOD_MATCH = YES;
				COPY_PHASE_STRIP = NO;
				DEBUG_INFORMATION_FORMAT = dwarf;
				ENABLE_STRICT_OBJC_MSGSEND = YES;
				ENABLE_TESTABILITY = YES;
				GCC_C_LANGUAGE_STANDARD = gnu11;
				GCC_DYNAMIC_NO_PIC = NO;
				GCC_NO_COMMON_BLOCKS = YES;
				GCC_OPTIMIZATION_LEVEL = 0;
				GCC_PREPROCESSOR_DEFINITIONS = (
					"DEBUG=1",
					"$(inherited)",
				);
				GCC_WARN_64_TO_32_BIT_CONVERSION = YES;
				GCC_WARN_ABOUT_RETURN_TYPE = YES_ERROR;
				GCC_WARN_UNDECLARED_SELECTOR = YES;
				GCC_WARN_UNINITIALIZED_AUTOS = YES_AGGRESSIVE;
				GCC_WARN_UNUSED_FUNCTION = YES;
				GCC_WARN_UNUSED_VARIABLE = YES;
				IPHONEOS_DEPLOYMENT_TARGET = 13.5;
				MTL_ENABLE_DEBUG_INFO = INCLUDE_SOURCE;
				MTL_FAST_MATH = YES;
				ONLY_ACTIVE_ARCH = YES;
				SDKROOT = iphoneos;
				SWIFT_ACTIVE_COMPILATION_CONDITIONS = DEBUG;
				SWIFT_OPTIMIZATION_LEVEL = "-Onone";
			};
			name = Debug;
		};
		961CF2022482F26600BD25F1 /* Release */ = {
			isa = XCBuildConfiguration;
			buildSettings = {
				ALWAYS_SEARCH_USER_PATHS = NO;
				CLANG_ANALYZER_NONNULL = YES;
				CLANG_ANALYZER_NUMBER_OBJECT_CONVERSION = YES_AGGRESSIVE;
				CLANG_CXX_LANGUAGE_STANDARD = "gnu++14";
				CLANG_CXX_LIBRARY = "libc++";
				CLANG_ENABLE_MODULES = YES;
				CLANG_ENABLE_OBJC_ARC = YES;
				CLANG_ENABLE_OBJC_WEAK = YES;
				CLANG_WARN_BLOCK_CAPTURE_AUTORELEASING = YES;
				CLANG_WARN_BOOL_CONVERSION = YES;
				CLANG_WARN_COMMA = YES;
				CLANG_WARN_CONSTANT_CONVERSION = YES;
				CLANG_WARN_DEPRECATED_OBJC_IMPLEMENTATIONS = YES;
				CLANG_WARN_DIRECT_OBJC_ISA_USAGE = YES_ERROR;
				CLANG_WARN_DOCUMENTATION_COMMENTS = YES;
				CLANG_WARN_EMPTY_BODY = YES;
				CLANG_WARN_ENUM_CONVERSION = YES;
				CLANG_WARN_INFINITE_RECURSION = YES;
				CLANG_WARN_INT_CONVERSION = YES;
				CLANG_WARN_NON_LITERAL_NULL_CONVERSION = YES;
				CLANG_WARN_OBJC_IMPLICIT_RETAIN_SELF = YES;
				CLANG_WARN_OBJC_LITERAL_CONVERSION = YES;
				CLANG_WARN_OBJC_ROOT_CLASS = YES_ERROR;
				CLANG_WARN_RANGE_LOOP_ANALYSIS = YES;
				CLANG_WARN_STRICT_PROTOTYPES = YES;
				CLANG_WARN_SUSPICIOUS_MOVE = YES;
				CLANG_WARN_UNGUARDED_AVAILABILITY = YES_AGGRESSIVE;
				CLANG_WARN_UNREACHABLE_CODE = YES;
				CLANG_WARN__DUPLICATE_METHOD_MATCH = YES;
				COPY_PHASE_STRIP = NO;
				DEBUG_INFORMATION_FORMAT = "dwarf-with-dsym";
				ENABLE_NS_ASSERTIONS = NO;
				ENABLE_STRICT_OBJC_MSGSEND = YES;
				GCC_C_LANGUAGE_STANDARD = gnu11;
				GCC_NO_COMMON_BLOCKS = YES;
				GCC_WARN_64_TO_32_BIT_CONVERSION = YES;
				GCC_WARN_ABOUT_RETURN_TYPE = YES_ERROR;
				GCC_WARN_UNDECLARED_SELECTOR = YES;
				GCC_WARN_UNINITIALIZED_AUTOS = YES_AGGRESSIVE;
				GCC_WARN_UNUSED_FUNCTION = YES;
				GCC_WARN_UNUSED_VARIABLE = YES;
				IPHONEOS_DEPLOYMENT_TARGET = 13.5;
				MTL_ENABLE_DEBUG_INFO = NO;
				MTL_FAST_MATH = YES;
				SDKROOT = iphoneos;
				SWIFT_COMPILATION_MODE = wholemodule;
				SWIFT_OPTIMIZATION_LEVEL = "-O";
				VALIDATE_PRODUCT = YES;
			};
			name = Release;
		};
		961CF2042482F26600BD25F1 /* Debug */ = {
			isa = XCBuildConfiguration;
			baseConfigurationReference = ED817EC7808A0625F1B66024 /* Pods-OpesInvestimentos.debug.xcconfig */;
			buildSettings = {
				ASSETCATALOG_COMPILER_APPICON_NAME = AppIcon;
				CODE_SIGN_STYLE = Automatic;
				DEVELOPMENT_TEAM = S25NP448HK;
				INFOPLIST_FILE = OpesInvestimentos/Info.plist;
				LD_RUNPATH_SEARCH_PATHS = (
					"$(inherited)",
					"@executable_path/Frameworks",
				);
				PRODUCT_BUNDLE_IDENTIFIER = com.br.mcunha.Opes;
				PRODUCT_NAME = Opes;
				SWIFT_VERSION = 5.0;
				TARGETED_DEVICE_FAMILY = "1,2";
			};
			name = Debug;
		};
		961CF2052482F26600BD25F1 /* Release */ = {
			isa = XCBuildConfiguration;
			baseConfigurationReference = B1B2BFEEAB4E689DF82A6E38 /* Pods-OpesInvestimentos.release.xcconfig */;
			buildSettings = {
				ASSETCATALOG_COMPILER_APPICON_NAME = AppIcon;
				CODE_SIGN_STYLE = Automatic;
				DEVELOPMENT_TEAM = S25NP448HK;
				INFOPLIST_FILE = OpesInvestimentos/Info.plist;
				LD_RUNPATH_SEARCH_PATHS = (
					"$(inherited)",
					"@executable_path/Frameworks",
				);
				PRODUCT_BUNDLE_IDENTIFIER = com.br.mcunha.Opes;
				PRODUCT_NAME = Opes;
				SWIFT_VERSION = 5.0;
				TARGETED_DEVICE_FAMILY = "1,2";
			};
			name = Release;
		};
/* End XCBuildConfiguration section */

/* Begin XCConfigurationList section */
		961CF1E72482F26300BD25F1 /* Build configuration list for PBXProject "OpesInvestimentos" */ = {
			isa = XCConfigurationList;
			buildConfigurations = (
				961CF2012482F26600BD25F1 /* Debug */,
				961CF2022482F26600BD25F1 /* Release */,
			);
			defaultConfigurationIsVisible = 0;
			defaultConfigurationName = Release;
		};
		961CF2032482F26600BD25F1 /* Build configuration list for PBXNativeTarget "OpesInvestimentos" */ = {
			isa = XCConfigurationList;
			buildConfigurations = (
				961CF2042482F26600BD25F1 /* Debug */,
				961CF2052482F26600BD25F1 /* Release */,
			);
			defaultConfigurationIsVisible = 0;
			defaultConfigurationName = Release;
		};
/* End XCConfigurationList section */

/* Begin XCVersionGroup section */
		961CF1F82482F26300BD25F1 /* OpesInvestimentos.xcdatamodeld */ = {
			isa = XCVersionGroup;
			children = (
				961CF1F92482F26300BD25F1 /* OpesInvestimentos.xcdatamodel */,
			);
			currentVersion = 961CF1F92482F26300BD25F1 /* OpesInvestimentos.xcdatamodel */;
			path = OpesInvestimentos.xcdatamodeld;
			sourceTree = "<group>";
			versionGroupType = wrapper.xcdatamodel;
		};
/* End XCVersionGroup section */
	};
	rootObject = 961CF1E42482F26300BD25F1 /* Project object */;
}
